
Microsoft Visual Studio Solution File, Format Version 12.00
# Visual Studio Version 16
VisualStudioVersion = 16.0.30002.166
MinimumVisualStudioVersion = 10.0.40219.1
Project("{FAE04EC0-301F-11D3-BF4B-00C04F79EFBC}") = "Projeto", "Projeto.csproj", "{CFA5363D-E7A9-4268-9660-6DD42CA3A2B7}"
EndProject
Global
	GlobalSection(SolutionConfigurationPlatforms) = preSolution
		Debug|Any CPU = Debug|Any CPU
		Release|Any CPU = Release|Any CPU
	EndGlobalSection
	GlobalSection(ProjectConfigurationPlatforms) = postSolution
		{CFA5363D-E7A9-4268-9660-6DD42CA3A2B7}.Debug|Any CPU.ActiveCfg = Debug|Any CPU
		{CFA5363D-E7A9-4268-9660-6DD42CA3A2B7}.Debug|Any CPU.Build.0 = Debug|Any CPU
		{CFA5363D-E7A9-4268-9660-6DD42CA3A2B7}.Release|Any CPU.ActiveCfg = Release|Any CPU
		{CFA5363D-E7A9-4268-9660-6DD42CA3A2B7}.Release|Any CPU.Build.0 = Release|Any CPU
	EndGlobalSection
	GlobalSection(SolutionProperties) = preSolution
		HideSolutionNode = FALSE
	EndGlobalSection
	GlobalSection(ExtensibilityGlobals) = postSolution
		SolutionGuid = {D3CCCE67-51A4-4BEE-8C93-CBE6E6827672}
	EndGlobalSection
EndGlobal
